%{
  "benchee": {:hex, :benchee, "1.0.1", "66b211f9bfd84bd97e6d1beaddf8fc2312aaabe192f776e8931cb0c16f53a521", [:mix], [{:deep_merge, "~> 1.0", [hex: :deep_merge, repo: "hexpm", optional: false]}], "hexpm", "3ad58ae787e9c7c94dd7ceda3b587ec2c64604563e049b2a0e8baafae832addb"},
  "benchee_html": {:hex, :benchee_html, "0.5.0", "1354ba8005f979c177561fe08b83cafbae43f3046e8a6cf209132b8967b6db17", [:mix], [{:benchee, "~> 0.12", [hex: :benchee, repo: "hexpm", optional: false]}, {:benchee_json, "~> 0.5", [hex: :benchee_json, repo: "hexpm", optional: false]}], "hexpm"},
  "benchee_json": {:hex, :benchee_json, "0.5.0", "75878fd9944093ced03e9c214e6e1429da147de43e2f4a4cbc4377294ed5d029", [:mix], [{:benchee, "~> 0.12", [hex: :benchee, repo: "hexpm", optional: false]}, {:jason, "~> 1.0", [hex: :jason, repo: "hexpm", optional: false]}], "hexpm"},
  "benchee_markdown": {:hex, :benchee_markdown, "0.2.4", "4789717e11d38a8ac3ac341b257ab429d8255c7a8274cea35bffb01f6b5d53dd", [:mix], [{:benchee, ">= 0.99.0 and < 2.0.0", [hex: :benchee, repo: "hexpm", optional: false]}], "hexpm", "80baf253bba2bffe4cd59d9861360217c17babbb4ea4bf14fbadb7d75137eee3"},
  "branch_point": {:git, "https://github.com/tmbb/branch_point", "7f53145c8d1b4aea60e49647e39606beeab2db86", []},
  "deep_merge": {:hex, :deep_merge, "1.0.0", "b4aa1a0d1acac393bdf38b2291af38cb1d4a52806cf7a4906f718e1feb5ee961", [:mix], [], "hexpm", "ce708e5f094b9cd4e8f2be4f00d2f4250c4095be93f8cd6d018c753894885430"},
  "earmark": {:hex, :earmark, "1.2.6", "b6da42b3831458d3ecc57314dff3051b080b9b2be88c2e5aa41cd642a5b044ed", [:mix], [], "hexpm"},
  "ex_doc": {:hex, :ex_doc, "0.19.1", "519bb9c19526ca51d326c060cb1778d4a9056b190086a8c6c115828eaccea6cf", [:mix], [{:earmark, "~> 1.1", [hex: :earmark, repo: "hexpm", optional: false]}, {:makeup_elixir, "~> 0.7", [hex: :makeup_elixir, repo: "hexpm", optional: false]}], "hexpm"},
  "ex_spirit": {:hex, :ex_spirit, "0.4.0", "46a72d79e19a5d856e2182574db7b374d353b50521e79e6a68acd19d5da503a7", [:mix], [], "hexpm"},
  "ex_unicode": {:hex, :ex_unicode, "1.8.0", "5becbefc92dbad66a46f093deb08d116f095ed777c32de27504d479b6a864c9f", [:mix], [], "hexpm", "4d98ef2da09843a827c0b602aeb090d6b984c6b66a49dd423ffe3507eb068191"},
  "jason": {:hex, :jason, "1.0.0", "0f7cfa9bdb23fed721ec05419bcee2b2c21a77e926bce0deda029b5adc716fe2", [:mix], [{:decimal, "~> 1.0", [hex: :decimal, repo: "hexpm", optional: true]}], "hexpm"},
  "makeup": {:hex, :makeup, "1.0.4", "6d1936d21585cd258aeadf7728a572ae2a6017a909349a12270c1e460e360f49", [:mix], [{:nimble_parsec, "~> 0.5 or ~> 1.0", [hex: :nimble_parsec, repo: "hexpm", optional: false]}], "hexpm", "a45dc0440b9ff1aca4883bedcae1f5939ec3b1f6e28026a15147ed1a45d897cd"},
  "makeup_elixir": {:hex, :makeup_elixir, "0.8.0", "1204a2f5b4f181775a0e456154830524cf2207cf4f9112215c05e0b76e4eca8b", [:mix], [{:makeup, "~> 0.5.0", [hex: :makeup, repo: "hexpm", optional: false]}, {:nimble_parsec, "~> 0.2.2", [hex: :nimble_parsec, repo: "hexpm", optional: false]}], "hexpm"},
  "nimble_parsec": {:git, "https://github.com/dashbitco/nimble_parsec.git", "ec75d36737c8a7ef9d4f21b4049858950bd963d3", []},
  "schism": {:git, "https://github.com/tmbb/schism.git", "ef5a3d27432ec3344be065977520c00babc00f08", []},
  "unicode_set": {:hex, :unicode_set, "0.8.0", "61246878c131758f8c6b443ec02c675e3ac48ed4aaf711b82d57287f05347fe7", [:mix], [{:ex_unicode, "~> 1.8", [hex: :ex_unicode, repo: "hexpm", optional: false]}, {:nimble_parsec, "~> 0.5", [hex: :nimble_parsec, repo: "hexpm", optional: false]}], "hexpm", "28f2058fe8675b3e9c16054fd7fb8ee5b4dc032812b7221afb34e355b6198482"},
}
