%{
  "benchee": {:hex, :benchee, "0.12.1", "1286a79bab2f1899220134daf9a695586af00ea71968e6cd89d3d3afdf7cecba", [:mix], [{:deep_merge, "~> 0.1", [hex: :deep_merge, repo: "hexpm", optional: false]}], "hexpm"},
  "deep_merge": {:hex, :deep_merge, "0.1.1", "c27866a7524a337b6a039eeb8dd4f17d458fd40fbbcb8c54661b71a22fffe846", [:mix], [], "hexpm"},
  "earmark": {:hex, :earmark, "1.2.4", "99b637c62a4d65a20a9fb674b8cffb8baa771c04605a80c911c4418c69b75439", [], [], "hexpm"},
  "ex_doc": {:hex, :ex_doc, "0.18.3", "f4b0e4a2ec6f333dccf761838a4b253d75e11f714b85ae271c9ae361367897b7", [], [{:earmark, "~> 1.1", [hex: :earmark, repo: "hexpm", optional: false]}], "hexpm"},
  "makeup": {:hex, :makeup, "0.4.0", "fe516d00ca9bc8a0ea9e249a6cd857789f738ae242cf8ccd8f0b6fc6b624b7be", [], [{:nimble_parsec, "~> 0.2.2", [hex: :nimble_parsec, repo: "hexpm", optional: false]}], "hexpm"},
  "nimble_parsec": {:hex, :nimble_parsec, "0.2.2", "d526b23bdceb04c7ad15b33c57c4526bf5f50aaa70c7c141b4b4624555c68259", [:mix], [], "hexpm"},
}
