%{
  "benchee": {:hex, :benchee, "1.1.0", "f3a43817209a92a1fade36ef36b86e1052627fd8934a8b937ac9ab3a76c43062", [:mix], [{:deep_merge, "~> 1.0", [hex: :deep_merge, repo: "hexpm", optional: false]}, {:statistex, "~> 1.0", [hex: :statistex, repo: "hexpm", optional: false]}], "hexpm", "7da57d545003165a012b587077f6ba90b89210fd88074ce3c60ce239eb5e6d93"},
  "benchee_markdown": {:hex, :benchee_markdown, "0.3.1", "9d08a81ae217722ba65ade422b39dfb932cc14d96a2047c44dd30b025bbbb8b7", [:mix], [{:benchee, ">= 1.1.0 and < 2.0.0", [hex: :benchee, repo: "hexpm", optional: false]}], "hexpm", "6274a076e8bd51b192e957b6a7de957b4a1bbb5583892ea3673e0808f658bf5f"},
  "deep_merge": {:hex, :deep_merge, "1.0.0", "b4aa1a0d1acac393bdf38b2291af38cb1d4a52806cf7a4906f718e1feb5ee961", [:mix], [], "hexpm", "ce708e5f094b9cd4e8f2be4f00d2f4250c4095be93f8cd6d018c753894885430"},
  "makeup": {:hex, :makeup, "1.1.0", "6b67c8bc2882a6b6a445859952a602afc1a41c2e08379ca057c0f525366fc3ca", [:mix], [{:nimble_parsec, "~> 1.2.2 or ~> 1.3", [hex: :nimble_parsec, repo: "hexpm", optional: false]}], "hexpm", "0a45ed501f4a8897f580eabf99a2e5234ea3e75a4373c8a52824f6e873be57a6"},
  "nimble_parsec": {:hex, :nimble_parsec, "1.3.0", "9e18a119d9efc3370a3ef2a937bf0b24c088d9c4bf0ba9d7c3751d49d347d035", [:mix], [], "hexpm", "7977f183127a7cbe9346981e2f480dc04c55ffddaef746bd58debd566070eef8"},
  "statistex": {:hex, :statistex, "1.0.0", "f3dc93f3c0c6c92e5f291704cf62b99b553253d7969e9a5fa713e5481cd858a5", [:mix], [], "hexpm", "ff9d8bee7035028ab4742ff52fc80a2aa35cece833cf5319009b52f1b5a86c27"},
  "unicode": {:hex, :unicode, "1.16.0", "48277a9300abece59f56136a5c461109a9c22c2e6e1b08e73befc32dd2ab18de", [:mix], [], "hexpm", "1c35bf6ab209dc4041ac3b894e0c519c1cd5988ed5690d788cfef883c6939551"},
  "unicode_set": {:hex, :unicode_set, "1.1.0", "32971b9b8061f2b2f0c607ba588ad9a6202e78a0c577555df4da899fd4434f23", [:mix], [{:nimble_parsec, "~> 0.5 or ~> 1.0", [hex: :nimble_parsec, repo: "hexpm", optional: false]}, {:unicode, "~> 1.13", [hex: :unicode, repo: "hexpm", optional: false]}], "hexpm", "b416e7b18d1297bbdc25c05e56506291e8fd3f339b8386d4e1f6ddb57c047918"},
}
